lockfileVersion: '9.0'

settings:
  autoInstallPeers: false
  excludeLinksFromLockfile: false

importers:

  .:
    dependencies:
      dsh-api-gateway:
        specifier: ^23.0.3
        version: 23.0.3

packages:

  dsh-api-gateway@23.0.3:
    resolution: {integrity: sha512-COMEXhS0Z4SKff8BQscHbccmnugFUoJ1l1nuPP3NObhQFjyG8QuRmVouMxzp3yrPffqFCpwSzgMT3VX9hM8k/A==}

snapshots:

  dsh-api-gateway@23.0.3: {}
